
Microsoft Visual Studio Solution File, Format Version 12.00
# Visual Studio Version 17
VisualStudioVersion = 17.8.34601.278
MinimumVisualStudioVersion = 10.0.40219.1
Project("{FAE04EC0-301F-11D3-BF4B-00C04F79EFBC}") = "ST10019838_DamianDare_PROG7311_POE", "ST10019838_DamianDare_PROG7311_POE.csproj", "{8E02B6C7-E4AF-4A90-8492-3017AEF10AFF}"
EndProject
Global
	GlobalSection(SolutionConfigurationPlatforms) = preSolution
		Debug|Any CPU = Debug|Any CPU
		Release|Any CPU = Release|Any CPU
	EndGlobalSection
	GlobalSection(ProjectConfigurationPlatforms) = postSolution
		{8E02B6C7-E4AF-4A90-8492-3017AEF10AFF}.Debug|Any CPU.ActiveCfg = Debug|Any CPU
		{8E02B6C7-E4AF-4A90-8492-3017AEF10AFF}.Debug|Any CPU.Build.0 = Debug|Any CPU
		{8E02B6C7-E4AF-4A90-8492-3017AEF10AFF}.Release|Any CPU.ActiveCfg = Release|Any CPU
		{8E02B6C7-E4AF-4A90-8492-3017AEF10AFF}.Release|Any CPU.Build.0 = Release|Any CPU
	EndGlobalSection
	GlobalSection(SolutionProperties) = preSolution
		HideSolutionNode = FALSE
	EndGlobalSection
	GlobalSection(ExtensibilityGlobals) = postSolution
		SolutionGuid = {1A991431-E541-47DC-987C-6192E03C6606}
	EndGlobalSection
EndGlobal
